// !$*UTF8*$!
{
	archiveVersion = 1;
	classes = {
	};
	objectVersion = 50;
	objects = {

/* Begin PBXBuildFile section */
		91E28D802397483800E1DAA0 /* AppDelegate.swift in Sources */ = {isa = PBXBuildFile; fileRef = 91E28D7F2397483800E1DAA0 /* AppDelegate.swift */; };
		91E28D822397483800E1DAA0 /* SceneDelegate.swift in Sources */ = {isa = PBXBuildFile; fileRef = 91E28D812397483800E1DAA0 /* SceneDelegate.swift */; };
		91E28D862397483900E1DAA0 /* Assets.xcassets in Resources */ = {isa = PBXBuildFile; fileRef = 91E28D852397483900E1DAA0 /* Assets.xcassets */; };
		91E28D892397483900E1DAA0 /* Preview Assets.xcassets in Resources */ = {isa = PBXBuildFile; fileRef = 91E28D882397483900E1DAA0 /* Preview Assets.xcassets */; };
		91E28D8C2397483900E1DAA0 /* LaunchScreen.storyboard in Resources */ = {isa = PBXBuildFile; fileRef = 91E28D8A2397483900E1DAA0 /* LaunchScreen.storyboard */; };
		91E28D95239748F600E1DAA0 /* ListView.swift in Sources */ = {isa = PBXBuildFile; fileRef = 91E28D94239748F600E1DAA0 /* ListView.swift */; };
		91E28D972397490100E1DAA0 /* RowView.swift in Sources */ = {isa = PBXBuildFile; fileRef = 91E28D962397490000E1DAA0 /* RowView.swift */; };
		91E28D992397491E00E1DAA0 /* FontView.swift in Sources */ = {isa = PBXBuildFile; fileRef = 91E28D982397491E00E1DAA0 /* FontView.swift */; };
		91E28D9C2397590C00E1DAA0 /* Font.swift in Sources */ = {isa = PBXBuildFile; fileRef = 91E28D9B2397590C00E1DAA0 /* Font.swift */; };
		91E28D9F23975A0B00E1DAA0 /* fonts.json in Resources */ = {isa = PBXBuildFile; fileRef = 91E28D9E23975A0B00E1DAA0 /* fonts.json */; };
		91E28DA223975A3200E1DAA0 /* LoadData.swift in Sources */ = {isa = PBXBuildFile; fileRef = 91E28DA123975A3200E1DAA0 /* LoadData.swift */; };
/* End PBXBuildFile section */

/* Begin PBXFileReference section */
		91E28D7C2397483800E1DAA0 /* Project 4 Rosenlof Ross.app */ = {isa = PBXFileReference; explicitFileType = wrapper.application; includeInIndex = 0; path = "Project 4 Rosenlof Ross.app"; sourceTree = BUILT_PRODUCTS_DIR; };
		91E28D7F2397483800E1DAA0 /* AppDelegate.swift */ = {isa = PBXFileReference; lastKnownFileType = sourcecode.swift; path = AppDelegate.swift; sourceTree = "<group>"; };
		91E28D812397483800E1DAA0 /* SceneDelegate.swift */ = {isa = PBXFileReference; lastKnownFileType = sourcecode.swift; path = SceneDelegate.swift; sourceTree = "<group>"; };
		91E28D852397483900E1DAA0 /* Assets.xcassets */ = {isa = PBXFileReference; lastKnownFileType = folder.assetcatalog; path = Assets.xcassets; sourceTree = "<group>"; };
		91E28D882397483900E1DAA0 /* Preview Assets.xcassets */ = {isa = PBXFileReference; lastKnownFileType = folder.assetcatalog; path = "Preview Assets.xcassets"; sourceTree = "<group>"; };
		91E28D8B2397483900E1DAA0 /* Base */ = {isa = PBXFileReference; lastKnownFileType = file.storyboard; name = Base; path = Base.lproj/LaunchScreen.storyboard; sourceTree = "<group>"; };
		91E28D8D2397483900E1DAA0 /* Info.plist */ = {isa = PBXFileReference; lastKnownFileType = text.plist.xml; path = Info.plist; sourceTree = "<group>"; };
		91E28D94239748F600E1DAA0 /* ListView.swift */ = {isa = PBXFileReference; lastKnownFileType = sourcecode.swift; path = ListView.swift; sourceTree = "<group>"; };
		91E28D962397490000E1DAA0 /* RowView.swift */ = {isa = PBXFileReference; lastKnownFileType = sourcecode.swift; path = RowView.swift; sourceTree = "<group>"; };
		91E28D982397491E00E1DAA0 /* FontView.swift */ = {isa = PBXFileReference; lastKnownFileType = sourcecode.swift; path = FontView.swift; sourceTree = "<group>"; };
		91E28D9B2397590C00E1DAA0 /* Font.swift */ = {isa = PBXFileReference; lastKnownFileType = sourcecode.swift; path = Font.swift; sourceTree = "<group>"; };
		91E28D9E23975A0B00E1DAA0 /* fonts.json */ = {isa = PBXFileReference; fileEncoding = 4; lastKnownFileType = text.json; path = fonts.json; sourceTree = "<group>"; };
		91E28DA123975A3200E1DAA0 /* LoadData.swift */ = {isa = PBXFileReference; lastKnownFileType = sourcecode.swift; path = LoadData.swift; sourceTree = "<group>"; };
/* End PBXFileReference section */

/* Begin PBXFrameworksBuildPhase section */
		91E28D792397483800E1DAA0 /* Frameworks */ = {
			isa = PBXFrameworksBuildPhase;
			buildActionMask = 2147483647;
			files = (
			);
			runOnlyForDeploymentPostprocessing = 0;
		};
/* End PBXFrameworksBuildPhase section */

/* Begin PBXGroup section */
		91E28D732397483700E1DAA0 = {
			isa = PBXGroup;
			children = (
				91E28D7E2397483800E1DAA0 /* Project 4 Rosenlof Ross */,
				91E28D7D2397483800E1DAA0 /* Products */,
			);
			sourceTree = "<group>";
		};
		91E28D7D2397483800E1DAA0 /* Products */ = {
			isa = PBXGroup;
			children = (
				91E28D7C2397483800E1DAA0 /* Project 4 Rosenlof Ross.app */,
			);
			name = Products;
			sourceTree = "<group>";
		};
		91E28D7E2397483800E1DAA0 /* Project 4 Rosenlof Ross */ = {
			isa = PBXGroup;
			children = (
				91E28DA023975A2600E1DAA0 /* Helper Files */,
				91E28D9D239759AE00E1DAA0 /* JSON Files */,
				91E28D9A239758F500E1DAA0 /* Model */,
				91E28D932397489E00E1DAA0 /* Views */,
				91E28D7F2397483800E1DAA0 /* AppDelegate.swift */,
				91E28D812397483800E1DAA0 /* SceneDelegate.swift */,
				91E28D852397483900E1DAA0 /* Assets.xcassets */,
				91E28D8A2397483900E1DAA0 /* LaunchScreen.storyboard */,
				91E28D8D2397483900E1DAA0 /* Info.plist */,
				91E28D872397483900E1DAA0 /* Preview Content */,
			);
			path = "Project 4 Rosenlof Ross";
			sourceTree = "<group>";
		};
		91E28D872397483900E1DAA0 /* Preview Content */ = {
			isa = PBXGroup;
			children = (
				91E28D882397483900E1DAA0 /* Preview Assets.xcassets */,
			);
			path = "Preview Content";
			sourceTree = "<group>";
		};
		91E28D932397489E00E1DAA0 /* Views */ = {
			isa = PBXGroup;
			children = (
				91E28D94239748F600E1DAA0 /* ListView.swift */,
				91E28D962397490000E1DAA0 /* RowView.swift */,
				91E28D982397491E00E1DAA0 /* FontView.swift */,
			);
			path = Views;
			sourceTree = "<group>";
		};
		91E28D9A239758F500E1DAA0 /* Model */ = {
			isa = PBXGroup;
			children = (
				91E28D9B2397590C00E1DAA0 /* Font.swift */,
			);
			path = Model;
			sourceTree = "<group>";
		};
		91E28D9D239759AE00E1DAA0 /* JSON Files */ = {
			isa = PBXGroup;
			children = (
				91E28D9E23975A0B00E1DAA0 /* fonts.json */,
			);
			path = "JSON Files";
			sourceTree = "<group>";
		};
		91E28DA023975A2600E1DAA0 /* Helper Files */ = {
			isa = PBXGroup;
			children = (
				91E28DA123975A3200E1DAA0 /* LoadData.swift */,
			);
			path = "Helper Files";
			sourceTree = "<group>";
		};
/* End PBXGroup section */

/* Begin PBXNativeTarget section */
		91E28D7B2397483800E1DAA0 /* Project 4 Rosenlof Ross */ = {
			isa = PBXNativeTarget;
			buildConfigurationList = 91E28D902397483900E1DAA0 /* Build configuration list for PBXNativeTarget "Project 4 Rosenlof Ross" */;
			buildPhases = (
				91E28D782397483800E1DAA0 /* Sources */,
				91E28D792397483800E1DAA0 /* Frameworks */,
				91E28D7A2397483800E1DAA0 /* Resources */,
			);
			buildRules = (
			);
			dependencies = (
			);
			name = "Project 4 Rosenlof Ross";
			productName = "Project 4 Rosenlof Ross";
			productReference = 91E28D7C2397483800E1DAA0 /* Project 4 Rosenlof Ross.app */;
			productType = "com.apple.product-type.application";
		};
/* End PBXNativeTarget section */

/* Begin PBXProject section */
		91E28D742397483700E1DAA0 /* Project object */ = {
			isa = PBXProject;
			attributes = {
				LastSwiftUpdateCheck = 1110;
				LastUpgradeCheck = 1110;
				ORGANIZATIONNAME = Ross;
				TargetAttributes = {
					91E28D7B2397483800E1DAA0 = {
						CreatedOnToolsVersion = 11.1;
					};
				};
			};
			buildConfigurationList = 91E28D772397483700E1DAA0 /* Build configuration list for PBXProject "Project 4 Rosenlof Ross" */;
			compatibilityVersion = "Xcode 9.3";
			developmentRegion = en;
			hasScannedForEncodings = 0;
			knownRegions = (
				en,
				Base,
			);
			mainGroup = 91E28D732397483700E1DAA0;
			productRefGroup = 91E28D7D2397483800E1DAA0 /* Products */;
			projectDirPath = "";
			projectRoot = "";
			targets = (
				91E28D7B2397483800E1DAA0 /* Project 4 Rosenlof Ross */,
			);
		};
/* End PBXProject section */

/* Begin PBXResourcesBuildPhase section */
		91E28D7A2397483800E1DAA0 /* Resources */ = {
			isa = PBXResourcesBuildPhase;
			buildActionMask = 2147483647;
			files = (
				91E28D9F23975A0B00E1DAA0 /* fonts.json in Resources */,
				91E28D8C2397483900E1DAA0 /* LaunchScreen.storyboard in Resources */,
				91E28D892397483900E1DAA0 /* Preview Assets.xcassets in Resources */,
				91E28D862397483900E1DAA0 /* Assets.xcassets in Resources */,
			);
			runOnlyForDeploymentPostprocessing = 0;
		};
/* End PBXResourcesBuildPhase section */

/* Begin PBXSourcesBuildPhase section */
		91E28D782397483800E1DAA0 /* Sources */ = {
			isa = PBXSourcesBuildPhase;
			buildActionMask = 2147483647;
			files = (
				91E28D95239748F600E1DAA0 /* ListView.swift in Sources */,
				91E28DA223975A3200E1DAA0 /* LoadData.swift in Sources */,
				91E28D972397490100E1DAA0 /* RowView.swift in Sources */,
				91E28D9C2397590C00E1DAA0 /* Font.swift in Sources */,
				91E28D802397483800E1DAA0 /* AppDelegate.swift in Sources */,
				91E28D822397483800E1DAA0 /* SceneDelegate.swift in Sources */,
				91E28D992397491E00E1DAA0 /* FontView.swift in Sources */,
			);
			runOnlyForDeploymentPostprocessing = 0;
		};
/* End PBXSourcesBuildPhase section */

/* Begin PBXVariantGroup section */
		91E28D8A2397483900E1DAA0 /* LaunchScreen.storyboard */ = {
			isa = PBXVariantGroup;
			children = (
				91E28D8B2397483900E1DAA0 /* Base */,
			);
			name = LaunchScreen.storyboard;
			sourceTree = "<group>";
		};
/* End PBXVariantGroup section */

/* Begin XCBuildConfiguration section */
		91E28D8E2397483900E1DAA0 /* Debug */ = {
			isa = XCBuildConfiguration;
			buildSettings = {
				ALWAYS_SEARCH_USER_PATHS = NO;
				CLANG_ANALYZER_NONNULL = YES;
				CLANG_ANALYZER_NUMBER_OBJECT_CONVERSION = YES_AGGRESSIVE;
				CLANG_CXX_LANGUAGE_STANDARD = "gnu++14";
				CLANG_CXX_LIBRARY = "libc++";
				CLANG_ENABLE_MODULES = YES;
				CLANG_ENABLE_OBJC_ARC = YES;
				CLANG_ENABLE_OBJC_WEAK = YES;
				CLANG_WARN_BLOCK_CAPTURE_AUTORELEASING = YES;
				CLANG_WARN_BOOL_CONVERSION = YES;
				CLANG_WARN_COMMA = YES;
				CLANG_WARN_CONSTANT_CONVERSION = YES;
				CLANG_WARN_DEPRECATED_OBJC_IMPLEMENTATIONS = YES;
				CLANG_WARN_DIRECT_OBJC_ISA_USAGE = YES_ERROR;
				CLANG_WARN_DOCUMENTATION_COMMENTS = YES;
				CLANG_WARN_EMPTY_BODY = YES;
				CLANG_WARN_ENUM_CONVERSION = YES;
				CLANG_WARN_INFINITE_RECURSION = YES;
				CLANG_WARN_INT_CONVERSION = YES;
				CLANG_WARN_NON_LITERAL_NULL_CONVERSION = YES;
				CLANG_WARN_OBJC_IMPLICIT_RETAIN_SELF = YES;
				CLANG_WARN_OBJC_LITERAL_CONVERSION = YES;
				CLANG_WARN_OBJC_ROOT_CLASS = YES_ERROR;
				CLANG_WARN_RANGE_LOOP_ANALYSIS = YES;
				CLANG_WARN_STRICT_PROTOTYPES = YES;
				CLANG_WARN_SUSPICIOUS_MOVE = YES;
				CLANG_WARN_UNGUARDED_AVAILABILITY = YES_AGGRESSIVE;
				CLANG_WARN_UNREACHABLE_CODE = YES;
				CLANG_WARN__DUPLICATE_METHOD_MATCH = YES;
				COPY_PHASE_STRIP = NO;
				DEBUG_INFORMATION_FORMAT = dwarf;
				ENABLE_STRICT_OBJC_MSGSEND = YES;
				ENABLE_TESTABILITY = YES;
				GCC_C_LANGUAGE_STANDARD = gnu11;
				GCC_DYNAMIC_NO_PIC = NO;
				GCC_NO_COMMON_BLOCKS = YES;
				GCC_OPTIMIZATION_LEVEL = 0;
				GCC_PREPROCESSOR_DEFINITIONS = (
					"DEBUG=1",
					"$(inherited)",
				);
				GCC_WARN_64_TO_32_BIT_CONVERSION = YES;
				GCC_WARN_ABOUT_RETURN_TYPE = YES_ERROR;
				GCC_WARN_UNDECLARED_SELECTOR = YES;
				GCC_WARN_UNINITIALIZED_AUTOS = YES_AGGRESSIVE;
				GCC_WARN_UNUSED_FUNCTION = YES;
				GCC_WARN_UNUSED_VARIABLE = YES;
				IPHONEOS_DEPLOYMENT_TARGET = 13.1;
				MTL_ENABLE_DEBUG_INFO = INCLUDE_SOURCE;
				MTL_FAST_MATH = YES;
				ONLY_ACTIVE_ARCH = YES;
				SDKROOT = iphoneos;
				SWIFT_ACTIVE_COMPILATION_CONDITIONS = DEBUG;
				SWIFT_OPTIMIZATION_LEVEL = "-Onone";
			};
			name = Debug;
		};
		91E28D8F2397483900E1DAA0 /* Release */ = {
			isa = XCBuildConfiguration;
			buildSettings = {
				ALWAYS_SEARCH_USER_PATHS = NO;
				CLANG_ANALYZER_NONNULL = YES;
				CLANG_ANALYZER_NUMBER_OBJECT_CONVERSION = YES_AGGRESSIVE;
				CLANG_CXX_LANGUAGE_STANDARD = "gnu++14";
				CLANG_CXX_LIBRARY = "libc++";
				CLANG_ENABLE_MODULES = YES;
				CLANG_ENABLE_OBJC_ARC = YES;
				CLANG_ENABLE_OBJC_WEAK = YES;
				CLANG_WARN_BLOCK_CAPTURE_AUTORELEASING = YES;
				CLANG_WARN_BOOL_CONVERSION = YES;
				CLANG_WARN_COMMA = YES;
				CLANG_WARN_CONSTANT_CONVERSION = YES;
				CLANG_WARN_DEPRECATED_OBJC_IMPLEMENTATIONS = YES;
				CLANG_WARN_DIRECT_OBJC_ISA_USAGE = YES_ERROR;
				CLANG_WARN_DOCUMENTATION_COMMENTS = YES;
				CLANG_WARN_EMPTY_BODY = YES;
				CLANG_WARN_ENUM_CONVERSION = YES;
				CLANG_WARN_INFINITE_RECURSION = YES;
				CLANG_WARN_INT_CONVERSION = YES;
				CLANG_WARN_NON_LITERAL_NULL_CONVERSION = YES;
				CLANG_WARN_OBJC_IMPLICIT_RETAIN_SELF = YES;
				CLANG_WARN_OBJC_LITERAL_CONVERSION = YES;
				CLANG_WARN_OBJC_ROOT_CLASS = YES_ERROR;
				CLANG_WARN_RANGE_LOOP_ANALYSIS = YES;
				CLANG_WARN_STRICT_PROTOTYPES = YES;
				CLANG_WARN_SUSPICIOUS_MOVE = YES;
				CLANG_WARN_UNGUARDED_AVAILABILITY = YES_AGGRESSIVE;
				CLANG_WARN_UNREACHABLE_CODE = YES;
				CLANG_WARN__DUPLICATE_METHOD_MATCH = YES;
				COPY_PHASE_STRIP = NO;
				DEBUG_INFORMATION_FORMAT = "dwarf-with-dsym";
				ENABLE_NS_ASSERTIONS = NO;
				ENABLE_STRICT_OBJC_MSGSEND = YES;
				GCC_C_LANGUAGE_STANDARD = gnu11;
				GCC_NO_COMMON_BLOCKS = YES;
				GCC_WARN_64_TO_32_BIT_CONVERSION = YES;
				GCC_WARN_ABOUT_RETURN_TYPE = YES_ERROR;
				GCC_WARN_UNDECLARED_SELECTOR = YES;
				GCC_WARN_UNINITIALIZED_AUTOS = YES_AGGRESSIVE;
				GCC_WARN_UNUSED_FUNCTION = YES;
				GCC_WARN_UNUSED_VARIABLE = YES;
				IPHONEOS_DEPLOYMENT_TARGET = 13.1;
				MTL_ENABLE_DEBUG_INFO = NO;
				MTL_FAST_MATH = YES;
				SDKROOT = iphoneos;
				SWIFT_COMPILATION_MODE = wholemodule;
				SWIFT_OPTIMIZATION_LEVEL = "-O";
				VALIDATE_PRODUCT = YES;
			};
			name = Release;
		};
		91E28D912397483900E1DAA0 /* Debug */ = {
			isa = XCBuildConfiguration;
			buildSettings = {
				ASSETCATALOG_COMPILER_APPICON_NAME = AppIcon;
				CODE_SIGN_STYLE = Automatic;
				DEVELOPMENT_ASSET_PATHS = "\"Project 4 Rosenlof Ross/Preview Content\"";
				ENABLE_PREVIEWS = YES;
				INFOPLIST_FILE = "Project 4 Rosenlof Ross/Info.plist";
				LD_RUNPATH_SEARCH_PATHS = (
					"$(inherited)",
					"@executable_path/Frameworks",
				);
				PRODUCT_BUNDLE_IDENTIFIER = "is-543.Project-4-Rosenlof-Ross";
				PRODUCT_NAME = "$(TARGET_NAME)";
				SWIFT_VERSION = 5.0;
				TARGETED_DEVICE_FAMILY = "1,2";
			};
			name = Debug;
		};
		91E28D922397483900E1DAA0 /* Release */ = {
			isa = XCBuildConfiguration;
			buildSettings = {
				ASSETCATALOG_COMPILER_APPICON_NAME = AppIcon;
				CODE_SIGN_STYLE = Automatic;
				DEVELOPMENT_ASSET_PATHS = "\"Project 4 Rosenlof Ross/Preview Content\"";
				ENABLE_PREVIEWS = YES;
				INFOPLIST_FILE = "Project 4 Rosenlof Ross/Info.plist";
				LD_RUNPATH_SEARCH_PATHS = (
					"$(inherited)",
					"@executable_path/Frameworks",
				);
				PRODUCT_BUNDLE_IDENTIFIER = "is-543.Project-4-Rosenlof-Ross";
				PRODUCT_NAME = "$(TARGET_NAME)";
				SWIFT_VERSION = 5.0;
				TARGETED_DEVICE_FAMILY = "1,2";
			};
			name = Release;
		};
/* End XCBuildConfiguration section */

/* Begin XCConfigurationList section */
		91E28D772397483700E1DAA0 /* Build configuration list for PBXProject "Project 4 Rosenlof Ross" */ = {
			isa = XCConfigurationList;
			buildConfigurations = (
				91E28D8E2397483900E1DAA0 /* Debug */,
				91E28D8F2397483900E1DAA0 /* Release */,
			);
			defaultConfigurationIsVisible = 0;
			defaultConfigurationName = Release;
		};
		91E28D902397483900E1DAA0 /* Build configuration list for PBXNativeTarget "Project 4 Rosenlof Ross" */ = {
			isa = XCConfigurationList;
			buildConfigurations = (
				91E28D912397483900E1DAA0 /* Debug */,
				91E28D922397483900E1DAA0 /* Release */,
			);
			defaultConfigurationIsVisible = 0;
			defaultConfigurationName = Release;
		};
/* End XCConfigurationList section */
	};
	rootObject = 91E28D742397483700E1DAA0 /* Project object */;
}
